{
  "name": "test-node",
  "version": "1.0.0",
  "lockfileVersion": 2,
  "requires": true,
  "packages": {
    "": {
      "name": "test-node",
      "version": "1.0.0",
      "license": "ISC",
      "dependencies": {
        "@svetlanael12/ajs-homeworks-3": "^1.0.0"
      }
    },
    "node_modules/@svetlanael12/ajs-homeworks-3": {
      "version": "1.0.0",
      "resolved": "https://npm.pkg.github.com/download/@svetlanael12/ajs-homeworks-3/1.0.0/3c00c9001168d19125838d7d9dbc6f8fd6a3de20",
      "integrity": "sha512-q6roqE8ui79sFceuFyCEjslg2yaa3Jq6u5z0owhYqtfxczH1IuXFOBlYMwEKngkMkaCkpbGGrZXHbUN1wgRAGA==",
      "license": "ISC"
    }
  },
  "dependencies": {
    "@svetlanael12/ajs-homeworks-3": {
      "version": "1.0.0",
      "resolved": "https://npm.pkg.github.com/download/@svetlanael12/ajs-homeworks-3/1.0.0/3c00c9001168d19125838d7d9dbc6f8fd6a3de20",
      "integrity": "sha512-q6roqE8ui79sFceuFyCEjslg2yaa3Jq6u5z0owhYqtfxczH1IuXFOBlYMwEKngkMkaCkpbGGrZXHbUN1wgRAGA=="
    }
  }
}
